
Microsoft Visual Studio Solution File, Format Version 12.00
# Visual Studio 15
VisualStudioVersion = 15.0.27130.0
MinimumVisualStudioVersion = 10.0.40219.1
Project("{9A19103F-16F7-4668-BE54-9A1E7A4F7556}") = "SonarQube.Client", "SonarQube.Client\SonarQube.Client.csproj", "{CFF74278-889B-43F5-9F55-73FD9B34BF56}"
EndProject
Project("{FAE04EC0-301F-11D3-BF4B-00C04F79EFBC}") = "SonarQube.Client.Tests", "SonarQube.Client.Tests\SonarQube.Client.Tests.csproj", "{614AC2F5-F5A2-4228-9787-1326F9D97D99}"
EndProject
Project("{FAE04EC0-301F-11D3-BF4B-00C04F79EFBC}") = "SonarQube.Client.IntegrationTests", "SonarQube.Client.IntegrationTests\SonarQube.Client.IntegrationTests.csproj", "{C7ECE2FA-EB2A-400D-9008-DE0EBD42707C}"
EndProject
Global
	GlobalSection(SolutionConfigurationPlatforms) = preSolution
		Debug|Any CPU = Debug|Any CPU
		Release|Any CPU = Release|Any CPU
	EndGlobalSection
	GlobalSection(ProjectConfigurationPlatforms) = postSolution
		{CFF74278-889B-43F5-9F55-73FD9B34BF56}.Debug|Any CPU.ActiveCfg = Debug|Any CPU
		{CFF74278-889B-43F5-9F55-73FD9B34BF56}.Debug|Any CPU.Build.0 = Debug|Any CPU
		{CFF74278-889B-43F5-9F55-73FD9B34BF56}.Release|Any CPU.ActiveCfg = Release|Any CPU
		{CFF74278-889B-43F5-9F55-73FD9B34BF56}.Release|Any CPU.Build.0 = Release|Any CPU
		{614AC2F5-F5A2-4228-9787-1326F9D97D99}.Debug|Any CPU.ActiveCfg = Debug|Any CPU
		{614AC2F5-F5A2-4228-9787-1326F9D97D99}.Debug|Any CPU.Build.0 = Debug|Any CPU
		{614AC2F5-F5A2-4228-9787-1326F9D97D99}.Release|Any CPU.ActiveCfg = Release|Any CPU
		{614AC2F5-F5A2-4228-9787-1326F9D97D99}.Release|Any CPU.Build.0 = Release|Any CPU
		{C7ECE2FA-EB2A-400D-9008-DE0EBD42707C}.Debug|Any CPU.ActiveCfg = Debug|Any CPU
		{C7ECE2FA-EB2A-400D-9008-DE0EBD42707C}.Debug|Any CPU.Build.0 = Debug|Any CPU
		{C7ECE2FA-EB2A-400D-9008-DE0EBD42707C}.Release|Any CPU.ActiveCfg = Release|Any CPU
		{C7ECE2FA-EB2A-400D-9008-DE0EBD42707C}.Release|Any CPU.Build.0 = Release|Any CPU
	EndGlobalSection
	GlobalSection(SolutionProperties) = preSolution
		HideSolutionNode = FALSE
	EndGlobalSection
	GlobalSection(ExtensibilityGlobals) = postSolution
		SolutionGuid = {FA9FEFBE-501C-48B6-B9AE-AF6165504010}
	EndGlobalSection
EndGlobal
